// !$*UTF8*$!
{
	archiveVersion = 1;
	classes = {
	};
	objectVersion = 50;
	objects = {

/* Begin PBXBuildFile section */
		10CCB85C2337DE1A00B1A300 /* AppDelegate.swift in Sources */ = {isa = PBXBuildFile; fileRef = 10CCB85B2337DE1A00B1A300 /* AppDelegate.swift */; };
		10CCB85E2337DE1A00B1A300 /* ViewController.swift in Sources */ = {isa = PBXBuildFile; fileRef = 10CCB85D2337DE1A00B1A300 /* ViewController.swift */; };
		10CCB8612337DE1A00B1A300 /* Main.storyboard in Resources */ = {isa = PBXBuildFile; fileRef = 10CCB85F2337DE1A00B1A300 /* Main.storyboard */; };
		10CCB8632337DE1B00B1A300 /* Assets.xcassets in Resources */ = {isa = PBXBuildFile; fileRef = 10CCB8622337DE1B00B1A300 /* Assets.xcassets */; };
		10CCB8662337DE1B00B1A300 /* LaunchScreen.storyboard in Resources */ = {isa = PBXBuildFile; fileRef = 10CCB8642337DE1B00B1A300 /* LaunchScreen.storyboard */; };
		10CCB86E2337E37300B1A300 /* segmentcontroller.swift in Sources */ = {isa = PBXBuildFile; fileRef = 10CCB86D2337E37300B1A300 /* segmentcontroller.swift */; };
/* End PBXBuildFile section */

/* Begin PBXFileReference section */
		10CCB8582337DE1A00B1A300 /* UnderlineSegmentController.app */ = {isa = PBXFileReference; explicitFileType = wrapper.application; includeInIndex = 0; path = UnderlineSegmentController.app; sourceTree = BUILT_PRODUCTS_DIR; };
		10CCB85B2337DE1A00B1A300 /* AppDelegate.swift */ = {isa = PBXFileReference; lastKnownFileType = sourcecode.swift; path = AppDelegate.swift; sourceTree = "<group>"; };
		10CCB85D2337DE1A00B1A300 /* ViewController.swift */ = {isa = PBXFileReference; lastKnownFileType = sourcecode.swift; path = ViewController.swift; sourceTree = "<group>"; };
		10CCB8602337DE1A00B1A300 /* Base */ = {isa = PBXFileReference; lastKnownFileType = file.storyboard; name = Base; path = Base.lproj/Main.storyboard; sourceTree = "<group>"; };
		10CCB8622337DE1B00B1A300 /* Assets.xcassets */ = {isa = PBXFileReference; lastKnownFileType = folder.assetcatalog; path = Assets.xcassets; sourceTree = "<group>"; };
		10CCB8652337DE1B00B1A300 /* Base */ = {isa = PBXFileReference; lastKnownFileType = file.storyboard; name = Base; path = Base.lproj/LaunchScreen.storyboard; sourceTree = "<group>"; };
		10CCB8672337DE1B00B1A300 /* Info.plist */ = {isa = PBXFileReference; lastKnownFileType = text.plist.xml; path = Info.plist; sourceTree = "<group>"; };
		10CCB86D2337E37300B1A300 /* segmentcontroller.swift */ = {isa = PBXFileReference; lastKnownFileType = sourcecode.swift; path = segmentcontroller.swift; sourceTree = "<group>"; };
/* End PBXFileReference section */

/* Begin PBXFrameworksBuildPhase section */
		10CCB8552337DE1A00B1A300 /* Frameworks */ = {
			isa = PBXFrameworksBuildPhase;
			buildActionMask = 2147483647;
			files = (
			);
			runOnlyForDeploymentPostprocessing = 0;
		};
/* End PBXFrameworksBuildPhase section */

/* Begin PBXGroup section */
		10CCB84F2337DE1A00B1A300 = {
			isa = PBXGroup;
			children = (
				10CCB85A2337DE1A00B1A300 /* UnderlineSegmentController */,
				10CCB8592337DE1A00B1A300 /* Products */,
			);
			sourceTree = "<group>";
		};
		10CCB8592337DE1A00B1A300 /* Products */ = {
			isa = PBXGroup;
			children = (
				10CCB8582337DE1A00B1A300 /* UnderlineSegmentController.app */,
			);
			name = Products;
			sourceTree = "<group>";
		};
		10CCB85A2337DE1A00B1A300 /* UnderlineSegmentController */ = {
			isa = PBXGroup;
			children = (
				10CCB85B2337DE1A00B1A300 /* AppDelegate.swift */,
				10CCB85D2337DE1A00B1A300 /* ViewController.swift */,
				10CCB86D2337E37300B1A300 /* segmentcontroller.swift */,
				10CCB85F2337DE1A00B1A300 /* Main.storyboard */,
				10CCB8622337DE1B00B1A300 /* Assets.xcassets */,
				10CCB8642337DE1B00B1A300 /* LaunchScreen.storyboard */,
				10CCB8672337DE1B00B1A300 /* Info.plist */,
			);
			path = UnderlineSegmentController;
			sourceTree = "<group>";
		};
/* End PBXGroup section */

/* Begin PBXNativeTarget section */
		10CCB8572337DE1A00B1A300 /* UnderlineSegmentController */ = {
			isa = PBXNativeTarget;
			buildConfigurationList = 10CCB86A2337DE1B00B1A300 /* Build configuration list for PBXNativeTarget "UnderlineSegmentController" */;
			buildPhases = (
				10CCB8542337DE1A00B1A300 /* Sources */,
				10CCB8552337DE1A00B1A300 /* Frameworks */,
				10CCB8562337DE1A00B1A300 /* Resources */,
			);
			buildRules = (
			);
			dependencies = (
			);
			name = UnderlineSegmentController;
			productName = UnderlineSegmentController;
			productReference = 10CCB8582337DE1A00B1A300 /* UnderlineSegmentController.app */;
			productType = "com.apple.product-type.application";
		};
/* End PBXNativeTarget section */

/* Begin PBXProject section */
		10CCB8502337DE1A00B1A300 /* Project object */ = {
			isa = PBXProject;
			attributes = {
				LastSwiftUpdateCheck = 1010;
				LastUpgradeCheck = 1010;
				ORGANIZATIONNAME = "Muhammad Abdullah Al Mamun";
				TargetAttributes = {
					10CCB8572337DE1A00B1A300 = {
						CreatedOnToolsVersion = 10.1;
					};
				};
			};
			buildConfigurationList = 10CCB8532337DE1A00B1A300 /* Build configuration list for PBXProject "UnderlineSegmentController" */;
			compatibilityVersion = "Xcode 9.3";
			developmentRegion = en;
			hasScannedForEncodings = 0;
			knownRegions = (
				en,
				Base,
			);
			mainGroup = 10CCB84F2337DE1A00B1A300;
			productRefGroup = 10CCB8592337DE1A00B1A300 /* Products */;
			projectDirPath = "";
			projectRoot = "";
			targets = (
				10CCB8572337DE1A00B1A300 /* UnderlineSegmentController */,
			);
		};
/* End PBXProject section */

/* Begin PBXResourcesBuildPhase section */
		10CCB8562337DE1A00B1A300 /* Resources */ = {
			isa = PBXResourcesBuildPhase;
			buildActionMask = 2147483647;
			files = (
				10CCB8662337DE1B00B1A300 /* LaunchScreen.storyboard in Resources */,
				10CCB8632337DE1B00B1A300 /* Assets.xcassets in Resources */,
				10CCB8612337DE1A00B1A300 /* Main.storyboard in Resources */,
			);
			runOnlyForDeploymentPostprocessing = 0;
		};
/* End PBXResourcesBuildPhase section */

/* Begin PBXSourcesBuildPhase section */
		10CCB8542337DE1A00B1A300 /* Sources */ = {
			isa = PBXSourcesBuildPhase;
			buildActionMask = 2147483647;
			files = (
				10CCB86E2337E37300B1A300 /* segmentcontroller.swift in Sources */,
				10CCB85E2337DE1A00B1A300 /* ViewController.swift in Sources */,
				10CCB85C2337DE1A00B1A300 /* AppDelegate.swift in Sources */,
			);
			runOnlyForDeploymentPostprocessing = 0;
		};
/* End PBXSourcesBuildPhase section */

/* Begin PBXVariantGroup section */
		10CCB85F2337DE1A00B1A300 /* Main.storyboard */ = {
			isa = PBXVariantGroup;
			children = (
				10CCB8602337DE1A00B1A300 /* Base */,
			);
			name = Main.storyboard;
			sourceTree = "<group>";
		};
		10CCB8642337DE1B00B1A300 /* LaunchScreen.storyboard */ = {
			isa = PBXVariantGroup;
			children = (
				10CCB8652337DE1B00B1A300 /* Base */,
			);
			name = LaunchScreen.storyboard;
			sourceTree = "<group>";
		};
/* End PBXVariantGroup section */

/* Begin XCBuildConfiguration section */
		10CCB8682337DE1B00B1A300 /* Debug */ = {
			isa = XCBuildConfiguration;
			buildSettings = {
				ALWAYS_SEARCH_USER_PATHS = NO;
				CLANG_ANALYZER_NONNULL = YES;
				CLANG_ANALYZER_NUMBER_OBJECT_CONVERSION = YES_AGGRESSIVE;
				CLANG_CXX_LANGUAGE_STANDARD = "gnu++14";
				CLANG_CXX_LIBRARY = "libc++";
				CLANG_ENABLE_MODULES = YES;
				CLANG_ENABLE_OBJC_ARC = YES;
				CLANG_ENABLE_OBJC_WEAK = YES;
				CLANG_WARN_BLOCK_CAPTURE_AUTORELEASING = YES;
				CLANG_WARN_BOOL_CONVERSION = YES;
				CLANG_WARN_COMMA = YES;
				CLANG_WARN_CONSTANT_CONVERSION = YES;
				CLANG_WARN_DEPRECATED_OBJC_IMPLEMENTATIONS = YES;
				CLANG_WARN_DIRECT_OBJC_ISA_USAGE = YES_ERROR;
				CLANG_WARN_DOCUMENTATION_COMMENTS = YES;
				CLANG_WARN_EMPTY_BODY = YES;
				CLANG_WARN_ENUM_CONVERSION = YES;
				CLANG_WARN_INFINITE_RECURSION = YES;
				CLANG_WARN_INT_CONVERSION = YES;
				CLANG_WARN_NON_LITERAL_NULL_CONVERSION = YES;
				CLANG_WARN_OBJC_IMPLICIT_RETAIN_SELF = YES;
				CLANG_WARN_OBJC_LITERAL_CONVERSION = YES;
				CLANG_WARN_OBJC_ROOT_CLASS = YES_ERROR;
				CLANG_WARN_RANGE_LOOP_ANALYSIS = YES;
				CLANG_WARN_STRICT_PROTOTYPES = YES;
				CLANG_WARN_SUSPICIOUS_MOVE = YES;
				CLANG_WARN_UNGUARDED_AVAILABILITY = YES_AGGRESSIVE;
				CLANG_WARN_UNREACHABLE_CODE = YES;
				CLANG_WARN__DUPLICATE_METHOD_MATCH = YES;
				CODE_SIGN_IDENTITY = "iPhone Developer";
				COPY_PHASE_STRIP = NO;
				DEBUG_INFORMATION_FORMAT = dwarf;
				ENABLE_STRICT_OBJC_MSGSEND = YES;
				ENABLE_TESTABILITY = YES;
				GCC_C_LANGUAGE_STANDARD = gnu11;
				GCC_DYNAMIC_NO_PIC = NO;
				GCC_NO_COMMON_BLOCKS = YES;
				GCC_OPTIMIZATION_LEVEL = 0;
				GCC_PREPROCESSOR_DEFINITIONS = (
					"DEBUG=1",
					"$(inherited)",
				);
				GCC_WARN_64_TO_32_BIT_CONVERSION = YES;
				GCC_WARN_ABOUT_RETURN_TYPE = YES_ERROR;
				GCC_WARN_UNDECLARED_SELECTOR = YES;
				GCC_WARN_UNINITIALIZED_AUTOS = YES_AGGRESSIVE;
				GCC_WARN_UNUSED_FUNCTION = YES;
				GCC_WARN_UNUSED_VARIABLE = YES;
				IPHONEOS_DEPLOYMENT_TARGET = 12.1;
				MTL_ENABLE_DEBUG_INFO = INCLUDE_SOURCE;
				MTL_FAST_MATH = YES;
				ONLY_ACTIVE_ARCH = YES;
				SDKROOT = iphoneos;
				SWIFT_ACTIVE_COMPILATION_CONDITIONS = DEBUG;
				SWIFT_OPTIMIZATION_LEVEL = "-Onone";
			};
			name = Debug;
		};
		10CCB8692337DE1B00B1A300 /* Release */ = {
			isa = XCBuildConfiguration;
			buildSettings = {
				ALWAYS_SEARCH_USER_PATHS = NO;
				CLANG_ANALYZER_NONNULL = YES;
				CLANG_ANALYZER_NUMBER_OBJECT_CONVERSION = YES_AGGRESSIVE;
				CLANG_CXX_LANGUAGE_STANDARD = "gnu++14";
				CLANG_CXX_LIBRARY = "libc++";
				CLANG_ENABLE_MODULES = YES;
				CLANG_ENABLE_OBJC_ARC = YES;
				CLANG_ENABLE_OBJC_WEAK = YES;
				CLANG_WARN_BLOCK_CAPTURE_AUTORELEASING = YES;
				CLANG_WARN_BOOL_CONVERSION = YES;
				CLANG_WARN_COMMA = YES;
				CLANG_WARN_CONSTANT_CONVERSION = YES;
				CLANG_WARN_DEPRECATED_OBJC_IMPLEMENTATIONS = YES;
				CLANG_WARN_DIRECT_OBJC_ISA_USAGE = YES_ERROR;
				CLANG_WARN_DOCUMENTATION_COMMENTS = YES;
				CLANG_WARN_EMPTY_BODY = YES;
				CLANG_WARN_ENUM_CONVERSION = YES;
				CLANG_WARN_INFINITE_RECURSION = YES;
				CLANG_WARN_INT_CONVERSION = YES;
				CLANG_WARN_NON_LITERAL_NULL_CONVERSION = YES;
				CLANG_WARN_OBJC_IMPLICIT_RETAIN_SELF = YES;
				CLANG_WARN_OBJC_LITERAL_CONVERSION = YES;
				CLANG_WARN_OBJC_ROOT_CLASS = YES_ERROR;
				CLANG_WARN_RANGE_LOOP_ANALYSIS = YES;
				CLANG_WARN_STRICT_PROTOTYPES = YES;
				CLANG_WARN_SUSPICIOUS_MOVE = YES;
				CLANG_WARN_UNGUARDED_AVAILABILITY = YES_AGGRESSIVE;
				CLANG_WARN_UNREACHABLE_CODE = YES;
				CLANG_WARN__DUPLICATE_METHOD_MATCH = YES;
				CODE_SIGN_IDENTITY = "iPhone Developer";
				COPY_PHASE_STRIP = NO;
				DEBUG_INFORMATION_FORMAT = "dwarf-with-dsym";
				ENABLE_NS_ASSERTIONS = NO;
				ENABLE_STRICT_OBJC_MSGSEND = YES;
				GCC_C_LANGUAGE_STANDARD = gnu11;
				GCC_NO_COMMON_BLOCKS = YES;
				GCC_WARN_64_TO_32_BIT_CONVERSION = YES;
				GCC_WARN_ABOUT_RETURN_TYPE = YES_ERROR;
				GCC_WARN_UNDECLARED_SELECTOR = YES;
				GCC_WARN_UNINITIALIZED_AUTOS = YES_AGGRESSIVE;
				GCC_WARN_UNUSED_FUNCTION = YES;
				GCC_WARN_UNUSED_VARIABLE = YES;
				IPHONEOS_DEPLOYMENT_TARGET = 12.1;
				MTL_ENABLE_DEBUG_INFO = NO;
				MTL_FAST_MATH = YES;
				SDKROOT = iphoneos;
				SWIFT_COMPILATION_MODE = wholemodule;
				SWIFT_OPTIMIZATION_LEVEL = "-O";
				VALIDATE_PRODUCT = YES;
			};
			name = Release;
		};
		10CCB86B2337DE1B00B1A300 /* Debug */ = {
			isa = XCBuildConfiguration;
			buildSettings = {
				ASSETCATALOG_COMPILER_APPICON_NAME = AppIcon;
				CODE_SIGN_STYLE = Automatic;
				DEVELOPMENT_TEAM = 394UL6G6J2;
				INFOPLIST_FILE = UnderlineSegmentController/Info.plist;
				LD_RUNPATH_SEARCH_PATHS = (
					"$(inherited)",
					"@executable_path/Frameworks",
				);
				PRODUCT_BUNDLE_IDENTIFIER = com.abdullah.UnderlineSegmentController;
				PRODUCT_NAME = "$(TARGET_NAME)";
				SWIFT_VERSION = 4.2;
				TARGETED_DEVICE_FAMILY = "1,2";
			};
			name = Debug;
		};
		10CCB86C2337DE1B00B1A300 /* Release */ = {
			isa = XCBuildConfiguration;
			buildSettings = {
				ASSETCATALOG_COMPILER_APPICON_NAME = AppIcon;
				CODE_SIGN_STYLE = Automatic;
				DEVELOPMENT_TEAM = 394UL6G6J2;
				INFOPLIST_FILE = UnderlineSegmentController/Info.plist;
				LD_RUNPATH_SEARCH_PATHS = (
					"$(inherited)",
					"@executable_path/Frameworks",
				);
				PRODUCT_BUNDLE_IDENTIFIER = com.abdullah.UnderlineSegmentController;
				PRODUCT_NAME = "$(TARGET_NAME)";
				SWIFT_VERSION = 4.2;
				TARGETED_DEVICE_FAMILY = "1,2";
			};
			name = Release;
		};
/* End XCBuildConfiguration section */

/* Begin XCConfigurationList section */
		10CCB8532337DE1A00B1A300 /* Build configuration list for PBXProject "UnderlineSegmentController" */ = {
			isa = XCConfigurationList;
			buildConfigurations = (
				10CCB8682337DE1B00B1A300 /* Debug */,
				10CCB8692337DE1B00B1A300 /* Release */,
			);
			defaultConfigurationIsVisible = 0;
			defaultConfigurationName = Release;
		};
		10CCB86A2337DE1B00B1A300 /* Build configuration list for PBXNativeTarget "UnderlineSegmentController" */ = {
			isa = XCConfigurationList;
			buildConfigurations = (
				10CCB86B2337DE1B00B1A300 /* Debug */,
				10CCB86C2337DE1B00B1A300 /* Release */,
			);
			defaultConfigurationIsVisible = 0;
			defaultConfigurationName = Release;
		};
/* End XCConfigurationList section */
	};
	rootObject = 10CCB8502337DE1A00B1A300 /* Project object */;
}
